
Microsoft Visual Studio Solution File, Format Version 12.00
# Visual Studio Version 17
VisualStudioVersion = 17.0.31423.177
MinimumVisualStudioVersion = 10.0.40219.1
Project("{9A19103F-16F7-4668-BE54-9A1E7A4F7556}") = "Jinget.Core.Tests", "Tests\Jinget.Core.Tests\Jinget.Core.Tests.csproj", "{228C0492-4882-4F24-993F-1EE0D7E41258}"
EndProject
Project("{9A19103F-16F7-4668-BE54-9A1E7A4F7556}") = "Jinget.Core", "01-Core\Jinget.Core\Jinget.Core.csproj", "{EF2D7E20-A64D-4E32-8072-B6C59FBA5C55}"
EndProject
Project("{9A19103F-16F7-4668-BE54-9A1E7A4F7556}") = "Jinget.Handlers.ExternalServiceHandlers", "02-Handlers\Jinget.Handlers.ExternalServiceHandlers\Jinget.Handlers.ExternalServiceHandlers.csproj", "{1811968F-BFBB-4623-9E7B-2FB02B0355E3}"
EndProject
Project("{2150E333-8FDC-42A3-9474-1A3956D46DE8}") = "Tests", "Tests", "{F1B06C67-988D-4E24-8110-92C9B6D4CBC0}"
EndProject
Project("{2150E333-8FDC-42A3-9474-1A3956D46DE8}") = "01-Core", "01-Core", "{115DD383-ACB4-48AA-A6C2-C6105314F051}"
EndProject
Project("{2150E333-8FDC-42A3-9474-1A3956D46DE8}") = "02-Handlers", "02-Handlers", "{27D7B409-7A82-4565-9A00-146BCD7C7D9C}"
EndProject
Project("{9A19103F-16F7-4668-BE54-9A1E7A4F7556}") = "Jinget.Handlers.ExternalServiceHandlers.Tests", "Tests\Jinget.Handlers.ExternalServiceHandlers.Tests\Jinget.Handlers.ExternalServiceHandlers.Tests.csproj", "{0724C2F1-FCA0-4F78-BF2B-A4B41ABFD8FE}"
EndProject
Project("{9A19103F-16F7-4668-BE54-9A1E7A4F7556}") = "Jinget.WebAPI.Tests", "Tests\Jinget.WebAPI.Tests\Jinget.WebAPI.Tests.csproj", "{19BE5758-5978-4413-8285-61362AE64AAD}"
EndProject
Project("{2150E333-8FDC-42A3-9474-1A3956D46DE8}") = "03-Infrastructure", "03-Infrastructure", "{CE9144E5-14B3-4408-AEC1-0BBA7AF5B672}"
EndProject
Project("{9A19103F-16F7-4668-BE54-9A1E7A4F7556}") = "Jinget.Logger", "03-Infrastructure\Jinget.Logger\Jinget.Logger.csproj", "{91DB3AE4-0B9B-42B4-8943-EF025B9565E2}"
EndProject
Project("{2150E333-8FDC-42A3-9474-1A3956D46DE8}") = "Solution Items", "Solution Items", "{6ED05ED4-BDC6-4361-970D-EA5021729A95}"
	ProjectSection(SolutionItems) = preProject
		.editorconfig = .editorconfig
	EndProjectSection
EndProject
Project("{2150E333-8FDC-42A3-9474-1A3956D46DE8}") = "04-Presentation", "04-Presentation", "{18874D4F-0257-4DF2-A97F-F532A36BAD0E}"
EndProject
Project("{9A19103F-16F7-4668-BE54-9A1E7A4F7556}") = "Jinget.Blazor", "04-Presentation\Jinget.Blazor\Jinget.Blazor.csproj", "{A3E2F74D-AEB2-4D7A-8B75-F8198BF5FBE0}"
EndProject
Project("{9A19103F-16F7-4668-BE54-9A1E7A4F7556}") = "Jinget.Blazor.Test", "Tests\Jinget.Blazor.Test\Jinget.Blazor.Test.csproj", "{4BFE23D5-F786-4349-9481-A7D4A884CBEC}"
EndProject
Project("{9A19103F-16F7-4668-BE54-9A1E7A4F7556}") = "Jinget.Core.DiScanner", "01-Core\Jinget.Core.DiScanner\Jinget.Core.DiScanner.csproj", "{9411D2C7-AF8E-4C8A-A11E-DA52E3BEB6C9}"
EndProject
Project("{9A19103F-16F7-4668-BE54-9A1E7A4F7556}") = "Jinget.Core.DiScanner.Tests", "Tests\Jinget.Core.DiScanner.Tests\Jinget.Core.DiScanner.Tests.csproj", "{F464F7DD-38F2-412C-9CD1-28D53853BFE8}"
EndProject
Global
	GlobalSection(SolutionConfigurationPlatforms) = preSolution
		Debug|Any CPU = Debug|Any CPU
		Release|Any CPU = Release|Any CPU
	EndGlobalSection
	GlobalSection(ProjectConfigurationPlatforms) = postSolution
		{228C0492-4882-4F24-993F-1EE0D7E41258}.Debug|Any CPU.ActiveCfg = Debug|Any CPU
		{228C0492-4882-4F24-993F-1EE0D7E41258}.Debug|Any CPU.Build.0 = Debug|Any CPU
		{228C0492-4882-4F24-993F-1EE0D7E41258}.Release|Any CPU.ActiveCfg = Release|Any CPU
		{228C0492-4882-4F24-993F-1EE0D7E41258}.Release|Any CPU.Build.0 = Release|Any CPU
		{EF2D7E20-A64D-4E32-8072-B6C59FBA5C55}.Debug|Any CPU.ActiveCfg = Debug|Any CPU
		{EF2D7E20-A64D-4E32-8072-B6C59FBA5C55}.Debug|Any CPU.Build.0 = Debug|Any CPU
		{EF2D7E20-A64D-4E32-8072-B6C59FBA5C55}.Release|Any CPU.ActiveCfg = Release|Any CPU
		{EF2D7E20-A64D-4E32-8072-B6C59FBA5C55}.Release|Any CPU.Build.0 = Release|Any CPU
		{1811968F-BFBB-4623-9E7B-2FB02B0355E3}.Debug|Any CPU.ActiveCfg = Debug|Any CPU
		{1811968F-BFBB-4623-9E7B-2FB02B0355E3}.Debug|Any CPU.Build.0 = Debug|Any CPU
		{1811968F-BFBB-4623-9E7B-2FB02B0355E3}.Release|Any CPU.ActiveCfg = Release|Any CPU
		{1811968F-BFBB-4623-9E7B-2FB02B0355E3}.Release|Any CPU.Build.0 = Release|Any CPU
		{0724C2F1-FCA0-4F78-BF2B-A4B41ABFD8FE}.Debug|Any CPU.ActiveCfg = Debug|Any CPU
		{0724C2F1-FCA0-4F78-BF2B-A4B41ABFD8FE}.Debug|Any CPU.Build.0 = Debug|Any CPU
		{0724C2F1-FCA0-4F78-BF2B-A4B41ABFD8FE}.Release|Any CPU.ActiveCfg = Release|Any CPU
		{0724C2F1-FCA0-4F78-BF2B-A4B41ABFD8FE}.Release|Any CPU.Build.0 = Release|Any CPU
		{19BE5758-5978-4413-8285-61362AE64AAD}.Debug|Any CPU.ActiveCfg = Debug|Any CPU
		{19BE5758-5978-4413-8285-61362AE64AAD}.Debug|Any CPU.Build.0 = Debug|Any CPU
		{19BE5758-5978-4413-8285-61362AE64AAD}.Release|Any CPU.ActiveCfg = Release|Any CPU
		{19BE5758-5978-4413-8285-61362AE64AAD}.Release|Any CPU.Build.0 = Release|Any CPU
		{91DB3AE4-0B9B-42B4-8943-EF025B9565E2}.Debug|Any CPU.ActiveCfg = Debug|Any CPU
		{91DB3AE4-0B9B-42B4-8943-EF025B9565E2}.Debug|Any CPU.Build.0 = Debug|Any CPU
		{91DB3AE4-0B9B-42B4-8943-EF025B9565E2}.Release|Any CPU.ActiveCfg = Release|Any CPU
		{91DB3AE4-0B9B-42B4-8943-EF025B9565E2}.Release|Any CPU.Build.0 = Release|Any CPU
		{A3E2F74D-AEB2-4D7A-8B75-F8198BF5FBE0}.Debug|Any CPU.ActiveCfg = Debug|Any CPU
		{A3E2F74D-AEB2-4D7A-8B75-F8198BF5FBE0}.Debug|Any CPU.Build.0 = Debug|Any CPU
		{A3E2F74D-AEB2-4D7A-8B75-F8198BF5FBE0}.Release|Any CPU.ActiveCfg = Release|Any CPU
		{A3E2F74D-AEB2-4D7A-8B75-F8198BF5FBE0}.Release|Any CPU.Build.0 = Release|Any CPU
		{4BFE23D5-F786-4349-9481-A7D4A884CBEC}.Debug|Any CPU.ActiveCfg = Debug|Any CPU
		{4BFE23D5-F786-4349-9481-A7D4A884CBEC}.Debug|Any CPU.Build.0 = Debug|Any CPU
		{4BFE23D5-F786-4349-9481-A7D4A884CBEC}.Release|Any CPU.ActiveCfg = Release|Any CPU
		{4BFE23D5-F786-4349-9481-A7D4A884CBEC}.Release|Any CPU.Build.0 = Release|Any CPU
		{9411D2C7-AF8E-4C8A-A11E-DA52E3BEB6C9}.Debug|Any CPU.ActiveCfg = Debug|Any CPU
		{9411D2C7-AF8E-4C8A-A11E-DA52E3BEB6C9}.Debug|Any CPU.Build.0 = Debug|Any CPU
		{9411D2C7-AF8E-4C8A-A11E-DA52E3BEB6C9}.Release|Any CPU.ActiveCfg = Release|Any CPU
		{9411D2C7-AF8E-4C8A-A11E-DA52E3BEB6C9}.Release|Any CPU.Build.0 = Release|Any CPU
		{F464F7DD-38F2-412C-9CD1-28D53853BFE8}.Debug|Any CPU.ActiveCfg = Debug|Any CPU
		{F464F7DD-38F2-412C-9CD1-28D53853BFE8}.Debug|Any CPU.Build.0 = Debug|Any CPU
		{F464F7DD-38F2-412C-9CD1-28D53853BFE8}.Release|Any CPU.ActiveCfg = Release|Any CPU
		{F464F7DD-38F2-412C-9CD1-28D53853BFE8}.Release|Any CPU.Build.0 = Release|Any CPU
	EndGlobalSection
	GlobalSection(SolutionProperties) = preSolution
		HideSolutionNode = FALSE
	EndGlobalSection
	GlobalSection(NestedProjects) = preSolution
		{228C0492-4882-4F24-993F-1EE0D7E41258} = {F1B06C67-988D-4E24-8110-92C9B6D4CBC0}
		{EF2D7E20-A64D-4E32-8072-B6C59FBA5C55} = {115DD383-ACB4-48AA-A6C2-C6105314F051}
		{1811968F-BFBB-4623-9E7B-2FB02B0355E3} = {27D7B409-7A82-4565-9A00-146BCD7C7D9C}
		{0724C2F1-FCA0-4F78-BF2B-A4B41ABFD8FE} = {F1B06C67-988D-4E24-8110-92C9B6D4CBC0}
		{19BE5758-5978-4413-8285-61362AE64AAD} = {F1B06C67-988D-4E24-8110-92C9B6D4CBC0}
		{91DB3AE4-0B9B-42B4-8943-EF025B9565E2} = {CE9144E5-14B3-4408-AEC1-0BBA7AF5B672}
		{A3E2F74D-AEB2-4D7A-8B75-F8198BF5FBE0} = {18874D4F-0257-4DF2-A97F-F532A36BAD0E}
		{4BFE23D5-F786-4349-9481-A7D4A884CBEC} = {F1B06C67-988D-4E24-8110-92C9B6D4CBC0}
		{9411D2C7-AF8E-4C8A-A11E-DA52E3BEB6C9} = {115DD383-ACB4-48AA-A6C2-C6105314F051}
		{F464F7DD-38F2-412C-9CD1-28D53853BFE8} = {F1B06C67-988D-4E24-8110-92C9B6D4CBC0}
	EndGlobalSection
	GlobalSection(ExtensibilityGlobals) = postSolution
		SolutionGuid = {8690B4B4-1E8A-4C1D-9A63-123EAD0492EE}
	EndGlobalSection
EndGlobal
